
Microsoft Visual Studio Solution File, Format Version 12.00
# Visual Studio 15
VisualStudioVersion = 15.0.28307.106
MinimumVisualStudioVersion = 10.0.40219.1
Project("{FAE04EC0-301F-11D3-BF4B-00C04F79EFBC}") = "FriendOrganizer.UI", "FriendOrganizer.UI\FriendOrganizer.UI.csproj", "{DFBA6049-DAFA-496E-B514-AC04E8589700}"
EndProject
Project("{FAE04EC0-301F-11D3-BF4B-00C04F79EFBC}") = "FriendOrganizer.DataAccess", "FriendOrganizer.DataAccess\FriendOrganizer.DataAccess.csproj", "{10CDD033-68CA-4553-9A45-07B00BF1F0DB}"
EndProject
Project("{FAE04EC0-301F-11D3-BF4B-00C04F79EFBC}") = "FriendOrganizer.Model", "FriendOrganizer.Model\FriendOrganizer.Model.csproj", "{47537FEC-8F32-492C-ADB5-DA874585C36F}"
EndProject
Global
	GlobalSection(SolutionConfigurationPlatforms) = preSolution
		Debug|Any CPU = Debug|Any CPU
		Release|Any CPU = Release|Any CPU
	EndGlobalSection
	GlobalSection(ProjectConfigurationPlatforms) = postSolution
		{DFBA6049-DAFA-496E-B514-AC04E8589700}.Debug|Any CPU.ActiveCfg = Debug|Any CPU
		{DFBA6049-DAFA-496E-B514-AC04E8589700}.Debug|Any CPU.Build.0 = Debug|Any CPU
		{DFBA6049-DAFA-496E-B514-AC04E8589700}.Release|Any CPU.ActiveCfg = Release|Any CPU
		{DFBA6049-DAFA-496E-B514-AC04E8589700}.Release|Any CPU.Build.0 = Release|Any CPU
		{10CDD033-68CA-4553-9A45-07B00BF1F0DB}.Debug|Any CPU.ActiveCfg = Debug|Any CPU
		{10CDD033-68CA-4553-9A45-07B00BF1F0DB}.Debug|Any CPU.Build.0 = Debug|Any CPU
		{10CDD033-68CA-4553-9A45-07B00BF1F0DB}.Release|Any CPU.ActiveCfg = Release|Any CPU
		{10CDD033-68CA-4553-9A45-07B00BF1F0DB}.Release|Any CPU.Build.0 = Release|Any CPU
		{47537FEC-8F32-492C-ADB5-DA874585C36F}.Debug|Any CPU.ActiveCfg = Debug|Any CPU
		{47537FEC-8F32-492C-ADB5-DA874585C36F}.Debug|Any CPU.Build.0 = Debug|Any CPU
		{47537FEC-8F32-492C-ADB5-DA874585C36F}.Release|Any CPU.ActiveCfg = Release|Any CPU
		{47537FEC-8F32-492C-ADB5-DA874585C36F}.Release|Any CPU.Build.0 = Release|Any CPU
	EndGlobalSection
	GlobalSection(SolutionProperties) = preSolution
		HideSolutionNode = FALSE
	EndGlobalSection
	GlobalSection(ExtensibilityGlobals) = postSolution
		SolutionGuid = {1003768A-7FCB-426F-BCD5-9FE1CC8ADE0F}
	EndGlobalSection
EndGlobal
